
Microsoft Visual Studio Solution File, Format Version 12.00
Project("{FAE04EC0-301F-11D3-BF4B-00C04F79EFBC}") = "Core", "Core\Core.csproj", "{C4506419-5E95-4717-9338-28DF500BB77E}"
EndProject
Project("{FAE04EC0-301F-11D3-BF4B-00C04F79EFBC}") = "Infra", "Infra\Infra.csproj", "{E3B3F5AD-7706-4F82-A6E7-04BD0E8CD22F}"
EndProject
Project("{FAE04EC0-301F-11D3-BF4B-00C04F79EFBC}") = "Worker", "Worker\Worker.csproj", "{36899548-64DB-4B38-992D-AD1C8B90CD48}"
EndProject
Project("{FAE04EC0-301F-11D3-BF4B-00C04F79EFBC}") = "UI", "UI\UI.csproj", "{1ED35E4B-0A4B-443B-862E-04361A6B6514}"
EndProject
Global
	GlobalSection(SolutionConfigurationPlatforms) = preSolution
		Debug|Any CPU = Debug|Any CPU
		Release|Any CPU = Release|Any CPU
	EndGlobalSection
	GlobalSection(ProjectConfigurationPlatforms) = postSolution
		{C4506419-5E95-4717-9338-28DF500BB77E}.Debug|Any CPU.ActiveCfg = Debug|Any CPU
		{C4506419-5E95-4717-9338-28DF500BB77E}.Debug|Any CPU.Build.0 = Debug|Any CPU
		{C4506419-5E95-4717-9338-28DF500BB77E}.Release|Any CPU.ActiveCfg = Release|Any CPU
		{C4506419-5E95-4717-9338-28DF500BB77E}.Release|Any CPU.Build.0 = Release|Any CPU
		{E3B3F5AD-7706-4F82-A6E7-04BD0E8CD22F}.Debug|Any CPU.ActiveCfg = Debug|Any CPU
		{E3B3F5AD-7706-4F82-A6E7-04BD0E8CD22F}.Debug|Any CPU.Build.0 = Debug|Any CPU
		{E3B3F5AD-7706-4F82-A6E7-04BD0E8CD22F}.Release|Any CPU.ActiveCfg = Release|Any CPU
		{E3B3F5AD-7706-4F82-A6E7-04BD0E8CD22F}.Release|Any CPU.Build.0 = Release|Any CPU
		{36899548-64DB-4B38-992D-AD1C8B90CD48}.Debug|Any CPU.ActiveCfg = Debug|Any CPU
		{36899548-64DB-4B38-992D-AD1C8B90CD48}.Debug|Any CPU.Build.0 = Debug|Any CPU
		{36899548-64DB-4B38-992D-AD1C8B90CD48}.Release|Any CPU.ActiveCfg = Release|Any CPU
		{36899548-64DB-4B38-992D-AD1C8B90CD48}.Release|Any CPU.Build.0 = Release|Any CPU
		{1ED35E4B-0A4B-443B-862E-04361A6B6514}.Debug|Any CPU.ActiveCfg = Debug|Any CPU
		{1ED35E4B-0A4B-443B-862E-04361A6B6514}.Debug|Any CPU.Build.0 = Debug|Any CPU
		{1ED35E4B-0A4B-443B-862E-04361A6B6514}.Release|Any CPU.ActiveCfg = Release|Any CPU
		{1ED35E4B-0A4B-443B-862E-04361A6B6514}.Release|Any CPU.Build.0 = Release|Any CPU
	EndGlobalSection
EndGlobal
